// !$*UTF8*$!
{
	archiveVersion = 1;
	classes = {
	};
	objectVersion = 46;
	objects = {

/* Begin PBXBuildFile section */
		F74846731DE6681D0079FDA9 /* HTMLParser.swift in Sources */ = {isa = PBXBuildFile; fileRef = F74846721DE6681D0079FDA9 /* HTMLParser.swift */; };
		F74846741DE66A970079FDA9 /* HTMLParser.swift in Sources */ = {isa = PBXBuildFile; fileRef = F74846721DE6681D0079FDA9 /* HTMLParser.swift */; };
		F75D0E511DE5686B008A0597 /* MessageDataType.swift in Sources */ = {isa = PBXBuildFile; fileRef = F75D0E501DE5686B008A0597 /* MessageDataType.swift */; };
		F75D0E581DE59545008A0597 /* Quick.framework in Frameworks */ = {isa = PBXBuildFile; fileRef = F75D0E561DE59545008A0597 /* Quick.framework */; };
		F75D0E591DE59545008A0597 /* Nimble.framework in Frameworks */ = {isa = PBXBuildFile; fileRef = F75D0E571DE59545008A0597 /* Nimble.framework */; };
		F75D0E5B1DE59557008A0597 /* Quick.framework in CopyFiles */ = {isa = PBXBuildFile; fileRef = F75D0E561DE59545008A0597 /* Quick.framework */; settings = {ATTRIBUTES = (CodeSignOnCopy, RemoveHeadersOnCopy, ); }; };
		F75D0E5C1DE59557008A0597 /* Nimble.framework in CopyFiles */ = {isa = PBXBuildFile; fileRef = F75D0E571DE59545008A0597 /* Nimble.framework */; settings = {ATTRIBUTES = (CodeSignOnCopy, RemoveHeadersOnCopy, ); }; };
		F75D0E601DE595A2008A0597 /* ParserSpec.swift in Sources */ = {isa = PBXBuildFile; fileRef = F75D0E5F1DE595A2008A0597 /* ParserSpec.swift */; };
		F75D0E611DE5986D008A0597 /* MentionParser.swift in Sources */ = {isa = PBXBuildFile; fileRef = F7B995211DE555D900925B23 /* MentionParser.swift */; };
		F75D0E631DE598A6008A0597 /* MockInvalidParser.swift in Sources */ = {isa = PBXBuildFile; fileRef = F75D0E621DE598A6008A0597 /* MockInvalidParser.swift */; };
		F75D0E641DE598C3008A0597 /* Parser.swift in Sources */ = {isa = PBXBuildFile; fileRef = F7B995191DE5450F00925B23 /* Parser.swift */; };
		F75D0E661DE59901008A0597 /* MockValidParser.swift in Sources */ = {isa = PBXBuildFile; fileRef = F75D0E651DE59901008A0597 /* MockValidParser.swift */; };
		F7B994FA1DE5430300925B23 /* AppDelegate.swift in Sources */ = {isa = PBXBuildFile; fileRef = F7B994F91DE5430300925B23 /* AppDelegate.swift */; };
		F7B994FC1DE5430300925B23 /* ViewController.swift in Sources */ = {isa = PBXBuildFile; fileRef = F7B994FB1DE5430300925B23 /* ViewController.swift */; };
		F7B994FF1DE5430300925B23 /* Main.storyboard in Resources */ = {isa = PBXBuildFile; fileRef = F7B994FD1DE5430300925B23 /* Main.storyboard */; };
		F7B995011DE5430300925B23 /* Assets.xcassets in Resources */ = {isa = PBXBuildFile; fileRef = F7B995001DE5430300925B23 /* Assets.xcassets */; };
		F7B995041DE5430300925B23 /* LaunchScreen.storyboard in Resources */ = {isa = PBXBuildFile; fileRef = F7B995021DE5430300925B23 /* LaunchScreen.storyboard */; };
		F7B9951A1DE5450F00925B23 /* Parser.swift in Sources */ = {isa = PBXBuildFile; fileRef = F7B995191DE5450F00925B23 /* Parser.swift */; };
		F7B995201DE5539500925B23 /* ChatMessage.swift in Sources */ = {isa = PBXBuildFile; fileRef = F7B9951F1DE5539500925B23 /* ChatMessage.swift */; };
		F7B995221DE555D900925B23 /* MentionParser.swift in Sources */ = {isa = PBXBuildFile; fileRef = F7B995211DE555D900925B23 /* MentionParser.swift */; };
		F7B995241DE555E800925B23 /* EmoticonParser.swift in Sources */ = {isa = PBXBuildFile; fileRef = F7B995231DE555E800925B23 /* EmoticonParser.swift */; };
		F7B995261DE555FC00925B23 /* LinkParser.swift in Sources */ = {isa = PBXBuildFile; fileRef = F7B995251DE555FC00925B23 /* LinkParser.swift */; };
		F7C27F421DE5A11A00447C20 /* MentionParserSpec.swift in Sources */ = {isa = PBXBuildFile; fileRef = F7C27F411DE5A11A00447C20 /* MentionParserSpec.swift */; };
		F7C27F441DE5A68E00447C20 /* EmoticonParserSpec.swift in Sources */ = {isa = PBXBuildFile; fileRef = F7C27F431DE5A68E00447C20 /* EmoticonParserSpec.swift */; };
		F7C27F451DE5A6A100447C20 /* EmoticonParser.swift in Sources */ = {isa = PBXBuildFile; fileRef = F7B995231DE555E800925B23 /* EmoticonParser.swift */; };
		F7C27F461DE5A6A300447C20 /* LinkParser.swift in Sources */ = {isa = PBXBuildFile; fileRef = F7B995251DE555FC00925B23 /* LinkParser.swift */; };
/* End PBXBuildFile section */

/* Begin PBXContainerItemProxy section */
		F7B9950B1DE5430300925B23 /* PBXContainerItemProxy */ = {
			isa = PBXContainerItemProxy;
			containerPortal = F7B994EE1DE5430200925B23 /* Project object */;
			proxyType = 1;
			remoteGlobalIDString = F7B994F51DE5430200925B23;
			remoteInfo = "Chat Message Parser";
		};
/* End PBXContainerItemProxy section */

/* Begin PBXCopyFilesBuildPhase section */
		F75D0E5A1DE5954B008A0597 /* CopyFiles */ = {
			isa = PBXCopyFilesBuildPhase;
			buildActionMask = 2147483647;
			dstPath = "";
			dstSubfolderSpec = 10;
			files = (
				F75D0E5B1DE59557008A0597 /* Quick.framework in CopyFiles */,
				F75D0E5C1DE59557008A0597 /* Nimble.framework in CopyFiles */,
			);
			runOnlyForDeploymentPostprocessing = 0;
		};
/* End PBXCopyFilesBuildPhase section */

/* Begin PBXFileReference section */
		F74846721DE6681D0079FDA9 /* HTMLParser.swift */ = {isa = PBXFileReference; fileEncoding = 4; lastKnownFileType = sourcecode.swift; path = HTMLParser.swift; sourceTree = "<group>"; };
		F75D0E501DE5686B008A0597 /* MessageDataType.swift */ = {isa = PBXFileReference; fileEncoding = 4; lastKnownFileType = sourcecode.swift; path = MessageDataType.swift; sourceTree = "<group>"; };
		F75D0E561DE59545008A0597 /* Quick.framework */ = {isa = PBXFileReference; lastKnownFileType = wrapper.framework; name = Quick.framework; path = Carthage/Build/iOS/Quick.framework; sourceTree = "<group>"; };
		F75D0E571DE59545008A0597 /* Nimble.framework */ = {isa = PBXFileReference; lastKnownFileType = wrapper.framework; name = Nimble.framework; path = Carthage/Build/iOS/Nimble.framework; sourceTree = "<group>"; };
		F75D0E5F1DE595A2008A0597 /* ParserSpec.swift */ = {isa = PBXFileReference; fileEncoding = 4; lastKnownFileType = sourcecode.swift; path = ParserSpec.swift; sourceTree = "<group>"; };
		F75D0E621DE598A6008A0597 /* MockInvalidParser.swift */ = {isa = PBXFileReference; fileEncoding = 4; lastKnownFileType = sourcecode.swift; path = MockInvalidParser.swift; sourceTree = "<group>"; };
		F75D0E651DE59901008A0597 /* MockValidParser.swift */ = {isa = PBXFileReference; fileEncoding = 4; lastKnownFileType = sourcecode.swift; path = MockValidParser.swift; sourceTree = "<group>"; };
		F7B994F61DE5430300925B23 /* Chat Message Parser.app */ = {isa = PBXFileReference; explicitFileType = wrapper.application; includeInIndex = 0; path = "Chat Message Parser.app"; sourceTree = BUILT_PRODUCTS_DIR; };
		F7B994F91DE5430300925B23 /* AppDelegate.swift */ = {isa = PBXFileReference; lastKnownFileType = sourcecode.swift; path = AppDelegate.swift; sourceTree = "<group>"; };
		F7B994FB1DE5430300925B23 /* ViewController.swift */ = {isa = PBXFileReference; lastKnownFileType = sourcecode.swift; path = ViewController.swift; sourceTree = "<group>"; };
		F7B994FE1DE5430300925B23 /* Base */ = {isa = PBXFileReference; lastKnownFileType = file.storyboard; name = Base; path = Base.lproj/Main.storyboard; sourceTree = "<group>"; };
		F7B995001DE5430300925B23 /* Assets.xcassets */ = {isa = PBXFileReference; lastKnownFileType = folder.assetcatalog; path = Assets.xcassets; sourceTree = "<group>"; };
		F7B995031DE5430300925B23 /* Base */ = {isa = PBXFileReference; lastKnownFileType = file.storyboard; name = Base; path = Base.lproj/LaunchScreen.storyboard; sourceTree = "<group>"; };
		F7B995051DE5430300925B23 /* Info.plist */ = {isa = PBXFileReference; lastKnownFileType = text.plist.xml; path = Info.plist; sourceTree = "<group>"; };
		F7B9950A1DE5430300925B23 /* Chat Message ParserTests.xctest */ = {isa = PBXFileReference; explicitFileType = wrapper.cfbundle; includeInIndex = 0; path = "Chat Message ParserTests.xctest"; sourceTree = BUILT_PRODUCTS_DIR; };
		F7B995101DE5430300925B23 /* Info.plist */ = {isa = PBXFileReference; lastKnownFileType = text.plist.xml; path = Info.plist; sourceTree = "<group>"; };
		F7B995191DE5450F00925B23 /* Parser.swift */ = {isa = PBXFileReference; fileEncoding = 4; lastKnownFileType = sourcecode.swift; path = Parser.swift; sourceTree = "<group>"; };
		F7B9951F1DE5539500925B23 /* ChatMessage.swift */ = {isa = PBXFileReference; fileEncoding = 4; lastKnownFileType = sourcecode.swift; path = ChatMessage.swift; sourceTree = "<group>"; };
		F7B995211DE555D900925B23 /* MentionParser.swift */ = {isa = PBXFileReference; fileEncoding = 4; lastKnownFileType = sourcecode.swift; path = MentionParser.swift; sourceTree = "<group>"; };
		F7B995231DE555E800925B23 /* EmoticonParser.swift */ = {isa = PBXFileReference; fileEncoding = 4; lastKnownFileType = sourcecode.swift; path = EmoticonParser.swift; sourceTree = "<group>"; };
		F7B995251DE555FC00925B23 /* LinkParser.swift */ = {isa = PBXFileReference; fileEncoding = 4; lastKnownFileType = sourcecode.swift; path = LinkParser.swift; sourceTree = "<group>"; };
		F7C27F411DE5A11A00447C20 /* MentionParserSpec.swift */ = {isa = PBXFileReference; fileEncoding = 4; lastKnownFileType = sourcecode.swift; path = MentionParserSpec.swift; sourceTree = "<group>"; };
		F7C27F431DE5A68E00447C20 /* EmoticonParserSpec.swift */ = {isa = PBXFileReference; fileEncoding = 4; lastKnownFileType = sourcecode.swift; path = EmoticonParserSpec.swift; sourceTree = "<group>"; };
/* End PBXFileReference section */

/* Begin PBXFrameworksBuildPhase section */
		F7B994F31DE5430200925B23 /* Frameworks */ = {
			isa = PBXFrameworksBuildPhase;
			buildActionMask = 2147483647;
			files = (
			);
			runOnlyForDeploymentPostprocessing = 0;
		};
		F7B995071DE5430300925B23 /* Frameworks */ = {
			isa = PBXFrameworksBuildPhase;
			buildActionMask = 2147483647;
			files = (
				F75D0E581DE59545008A0597 /* Quick.framework in Frameworks */,
				F75D0E591DE59545008A0597 /* Nimble.framework in Frameworks */,
			);
			runOnlyForDeploymentPostprocessing = 0;
		};
/* End PBXFrameworksBuildPhase section */

/* Begin PBXGroup section */
		F75D0E551DE59545008A0597 /* Frameworks */ = {
			isa = PBXGroup;
			children = (
				F75D0E561DE59545008A0597 /* Quick.framework */,
				F75D0E571DE59545008A0597 /* Nimble.framework */,
			);
			name = Frameworks;
			sourceTree = "<group>";
		};
		F7B994ED1DE5430200925B23 = {
			isa = PBXGroup;
			children = (
				F7B994F81DE5430300925B23 /* Chat Message Parser */,
				F7B9950D1DE5430300925B23 /* Chat Message ParserTests */,
				F7B994F71DE5430300925B23 /* Products */,
				F75D0E551DE59545008A0597 /* Frameworks */,
			);
			sourceTree = "<group>";
		};
		F7B994F71DE5430300925B23 /* Products */ = {
			isa = PBXGroup;
			children = (
				F7B994F61DE5430300925B23 /* Chat Message Parser.app */,
				F7B9950A1DE5430300925B23 /* Chat Message ParserTests.xctest */,
			);
			name = Products;
			sourceTree = "<group>";
		};
		F7B994F81DE5430300925B23 /* Chat Message Parser */ = {
			isa = PBXGroup;
			children = (
				F7B994F91DE5430300925B23 /* AppDelegate.swift */,
				F7B9951F1DE5539500925B23 /* ChatMessage.swift */,
				F75D0E501DE5686B008A0597 /* MessageDataType.swift */,
				F7B995191DE5450F00925B23 /* Parser.swift */,
				F7B995211DE555D900925B23 /* MentionParser.swift */,
				F7B995231DE555E800925B23 /* EmoticonParser.swift */,
				F7B995251DE555FC00925B23 /* LinkParser.swift */,
				F74846721DE6681D0079FDA9 /* HTMLParser.swift */,
				F7B994FB1DE5430300925B23 /* ViewController.swift */,
				F7B994FD1DE5430300925B23 /* Main.storyboard */,
				F7B995001DE5430300925B23 /* Assets.xcassets */,
				F7B995021DE5430300925B23 /* LaunchScreen.storyboard */,
				F7B995051DE5430300925B23 /* Info.plist */,
			);
			path = "Chat Message Parser";
			sourceTree = "<group>";
		};
		F7B9950D1DE5430300925B23 /* Chat Message ParserTests */ = {
			isa = PBXGroup;
			children = (
				F75D0E5F1DE595A2008A0597 /* ParserSpec.swift */,
				F75D0E621DE598A6008A0597 /* MockInvalidParser.swift */,
				F75D0E651DE59901008A0597 /* MockValidParser.swift */,
				F7C27F411DE5A11A00447C20 /* MentionParserSpec.swift */,
				F7C27F431DE5A68E00447C20 /* EmoticonParserSpec.swift */,
				F7B995101DE5430300925B23 /* Info.plist */,
			);
			path = "Chat Message ParserTests";
			sourceTree = "<group>";
		};
/* End PBXGroup section */

/* Begin PBXNativeTarget section */
		F7B994F51DE5430200925B23 /* Chat Message Parser */ = {
			isa = PBXNativeTarget;
			buildConfigurationList = F7B995131DE5430300925B23 /* Build configuration list for PBXNativeTarget "Chat Message Parser" */;
			buildPhases = (
				F7B994F21DE5430200925B23 /* Sources */,
				F7B994F31DE5430200925B23 /* Frameworks */,
				F7B994F41DE5430200925B23 /* Resources */,
			);
			buildRules = (
			);
			dependencies = (
			);
			name = "Chat Message Parser";
			productName = "Chat Message Parser";
			productReference = F7B994F61DE5430300925B23 /* Chat Message Parser.app */;
			productType = "com.apple.product-type.application";
		};
		F7B995091DE5430300925B23 /* Chat Message ParserTests */ = {
			isa = PBXNativeTarget;
			buildConfigurationList = F7B995161DE5430300925B23 /* Build configuration list for PBXNativeTarget "Chat Message ParserTests" */;
			buildPhases = (
				F7B995061DE5430300925B23 /* Sources */,
				F7B995071DE5430300925B23 /* Frameworks */,
				F7B995081DE5430300925B23 /* Resources */,
				F75D0E5A1DE5954B008A0597 /* CopyFiles */,
			);
			buildRules = (
			);
			dependencies = (
				F7B9950C1DE5430300925B23 /* PBXTargetDependency */,
			);
			name = "Chat Message ParserTests";
			productName = "Chat Message ParserTests";
			productReference = F7B9950A1DE5430300925B23 /* Chat Message ParserTests.xctest */;
			productType = "com.apple.product-type.bundle.unit-test";
		};
/* End PBXNativeTarget section */

/* Begin PBXProject section */
		F7B994EE1DE5430200925B23 /* Project object */ = {
			isa = PBXProject;
			attributes = {
				LastSwiftUpdateCheck = 0810;
				LastUpgradeCheck = 0810;
				ORGANIZATIONNAME = "Phill Farrugia";
				TargetAttributes = {
					F7B994F51DE5430200925B23 = {
						CreatedOnToolsVersion = 8.1;
						DevelopmentTeam = 6VSG94VVFH;
						ProvisioningStyle = Automatic;
					};
					F7B995091DE5430300925B23 = {
						CreatedOnToolsVersion = 8.1;
						DevelopmentTeam = 6VSG94VVFH;
						ProvisioningStyle = Automatic;
						TestTargetID = F7B994F51DE5430200925B23;
					};
				};
			};
			buildConfigurationList = F7B994F11DE5430200925B23 /* Build configuration list for PBXProject "Chat Message Parser" */;
			compatibilityVersion = "Xcode 3.2";
			developmentRegion = English;
			hasScannedForEncodings = 0;
			knownRegions = (
				en,
				Base,
			);
			mainGroup = F7B994ED1DE5430200925B23;
			productRefGroup = F7B994F71DE5430300925B23 /* Products */;
			projectDirPath = "";
			projectRoot = "";
			targets = (
				F7B994F51DE5430200925B23 /* Chat Message Parser */,
				F7B995091DE5430300925B23 /* Chat Message ParserTests */,
			);
		};
/* End PBXProject section */

/* Begin PBXResourcesBuildPhase section */
		F7B994F41DE5430200925B23 /* Resources */ = {
			isa = PBXResourcesBuildPhase;
			buildActionMask = 2147483647;
			files = (
				F7B995041DE5430300925B23 /* LaunchScreen.storyboard in Resources */,
				F7B995011DE5430300925B23 /* Assets.xcassets in Resources */,
				F7B994FF1DE5430300925B23 /* Main.storyboard in Resources */,
			);
			runOnlyForDeploymentPostprocessing = 0;
		};
		F7B995081DE5430300925B23 /* Resources */ = {
			isa = PBXResourcesBuildPhase;
			buildActionMask = 2147483647;
			files = (
			);
			runOnlyForDeploymentPostprocessing = 0;
		};
/* End PBXResourcesBuildPhase section */

/* Begin PBXSourcesBuildPhase section */
		F7B994F21DE5430200925B23 /* Sources */ = {
			isa = PBXSourcesBuildPhase;
			buildActionMask = 2147483647;
			files = (
				F7B994FC1DE5430300925B23 /* ViewController.swift in Sources */,
				F75D0E511DE5686B008A0597 /* MessageDataType.swift in Sources */,
				F74846731DE6681D0079FDA9 /* HTMLParser.swift in Sources */,
				F7B995201DE5539500925B23 /* ChatMessage.swift in Sources */,
				F7B995261DE555FC00925B23 /* LinkParser.swift in Sources */,
				F7B995241DE555E800925B23 /* EmoticonParser.swift in Sources */,
				F7B994FA1DE5430300925B23 /* AppDelegate.swift in Sources */,
				F7B995221DE555D900925B23 /* MentionParser.swift in Sources */,
				F7B9951A1DE5450F00925B23 /* Parser.swift in Sources */,
			);
			runOnlyForDeploymentPostprocessing = 0;
		};
		F7B995061DE5430300925B23 /* Sources */ = {
			isa = PBXSourcesBuildPhase;
			buildActionMask = 2147483647;
			files = (
				F7C27F461DE5A6A300447C20 /* LinkParser.swift in Sources */,
				F75D0E631DE598A6008A0597 /* MockInvalidParser.swift in Sources */,
				F7C27F441DE5A68E00447C20 /* EmoticonParserSpec.swift in Sources */,
				F7C27F451DE5A6A100447C20 /* EmoticonParser.swift in Sources */,
				F75D0E661DE59901008A0597 /* MockValidParser.swift in Sources */,
				F7C27F421DE5A11A00447C20 /* MentionParserSpec.swift in Sources */,
				F75D0E641DE598C3008A0597 /* Parser.swift in Sources */,
				F75D0E611DE5986D008A0597 /* MentionParser.swift in Sources */,
				F75D0E601DE595A2008A0597 /* ParserSpec.swift in Sources */,
				F74846741DE66A970079FDA9 /* HTMLParser.swift in Sources */,
			);
			runOnlyForDeploymentPostprocessing = 0;
		};
/* End PBXSourcesBuildPhase section */

/* Begin PBXTargetDependency section */
		F7B9950C1DE5430300925B23 /* PBXTargetDependency */ = {
			isa = PBXTargetDependency;
			target = F7B994F51DE5430200925B23 /* Chat Message Parser */;
			targetProxy = F7B9950B1DE5430300925B23 /* PBXContainerItemProxy */;
		};
/* End PBXTargetDependency section */

/* Begin PBXVariantGroup section */
		F7B994FD1DE5430300925B23 /* Main.storyboard */ = {
			isa = PBXVariantGroup;
			children = (
				F7B994FE1DE5430300925B23 /* Base */,
			);
			name = Main.storyboard;
			sourceTree = "<group>";
		};
		F7B995021DE5430300925B23 /* LaunchScreen.storyboard */ = {
			isa = PBXVariantGroup;
			children = (
				F7B995031DE5430300925B23 /* Base */,
			);
			name = LaunchScreen.storyboard;
			sourceTree = "<group>";
		};
/* End PBXVariantGroup section */

/* Begin XCBuildConfiguration section */
		F7B995111DE5430300925B23 /* Debug */ = {
			isa = XCBuildConfiguration;
			buildSettings = {
				ALWAYS_SEARCH_USER_PATHS = NO;
				CLANG_ANALYZER_NONNULL = YES;
				CLANG_CXX_LANGUAGE_STANDARD = "gnu++0x";
				CLANG_CXX_LIBRARY = "libc++";
				CLANG_ENABLE_MODULES = YES;
				CLANG_ENABLE_OBJC_ARC = YES;
				CLANG_WARN_BOOL_CONVERSION = YES;
				CLANG_WARN_CONSTANT_CONVERSION = YES;
				CLANG_WARN_DIRECT_OBJC_ISA_USAGE = YES_ERROR;
				CLANG_WARN_DOCUMENTATION_COMMENTS = YES;
				CLANG_WARN_EMPTY_BODY = YES;
				CLANG_WARN_ENUM_CONVERSION = YES;
				CLANG_WARN_INFINITE_RECURSION = YES;
				CLANG_WARN_INT_CONVERSION = YES;
				CLANG_WARN_OBJC_ROOT_CLASS = YES_ERROR;
				CLANG_WARN_SUSPICIOUS_MOVES = YES;
				CLANG_WARN_UNREACHABLE_CODE = YES;
				CLANG_WARN__DUPLICATE_METHOD_MATCH = YES;
				"CODE_SIGN_IDENTITY[sdk=iphoneos*]" = "iPhone Developer";
				COPY_PHASE_STRIP = NO;
				DEBUG_INFORMATION_FORMAT = dwarf;
				ENABLE_STRICT_OBJC_MSGSEND = YES;
				ENABLE_TESTABILITY = YES;
				GCC_C_LANGUAGE_STANDARD = gnu99;
				GCC_DYNAMIC_NO_PIC = NO;
				GCC_NO_COMMON_BLOCKS = YES;
				GCC_OPTIMIZATION_LEVEL = 0;
				GCC_PREPROCESSOR_DEFINITIONS = (
					"DEBUG=1",
					"$(inherited)",
				);
				GCC_WARN_64_TO_32_BIT_CONVERSION = YES;
				GCC_WARN_ABOUT_RETURN_TYPE = YES_ERROR;
				GCC_WARN_UNDECLARED_SELECTOR = YES;
				GCC_WARN_UNINITIALIZED_AUTOS = YES_AGGRESSIVE;
				GCC_WARN_UNUSED_FUNCTION = YES;
				GCC_WARN_UNUSED_VARIABLE = YES;
				IPHONEOS_DEPLOYMENT_TARGET = 10.1;
				MTL_ENABLE_DEBUG_INFO = YES;
				ONLY_ACTIVE_ARCH = YES;
				SDKROOT = iphoneos;
				SWIFT_ACTIVE_COMPILATION_CONDITIONS = DEBUG;
				SWIFT_OPTIMIZATION_LEVEL = "-Onone";
			};
			name = Debug;
		};
		F7B995121DE5430300925B23 /* Release */ = {
			isa = XCBuildConfiguration;
			buildSettings = {
				ALWAYS_SEARCH_USER_PATHS = NO;
				CLANG_ANALYZER_NONNULL = YES;
				CLANG_CXX_LANGUAGE_STANDARD = "gnu++0x";
				CLANG_CXX_LIBRARY = "libc++";
				CLANG_ENABLE_MODULES = YES;
				CLANG_ENABLE_OBJC_ARC = YES;
				CLANG_WARN_BOOL_CONVERSION = YES;
				CLANG_WARN_CONSTANT_CONVERSION = YES;
				CLANG_WARN_DIRECT_OBJC_ISA_USAGE = YES_ERROR;
				CLANG_WARN_DOCUMENTATION_COMMENTS = YES;
				CLANG_WARN_EMPTY_BODY = YES;
				CLANG_WARN_ENUM_CONVERSION = YES;
				CLANG_WARN_INFINITE_RECURSION = YES;
				CLANG_WARN_INT_CONVERSION = YES;
				CLANG_WARN_OBJC_ROOT_CLASS = YES_ERROR;
				CLANG_WARN_SUSPICIOUS_MOVES = YES;
				CLANG_WARN_UNREACHABLE_CODE = YES;
				CLANG_WARN__DUPLICATE_METHOD_MATCH = YES;
				"CODE_SIGN_IDENTITY[sdk=iphoneos*]" = "iPhone Developer";
				COPY_PHASE_STRIP = NO;
				DEBUG_INFORMATION_FORMAT = "dwarf-with-dsym";
				ENABLE_NS_ASSERTIONS = NO;
				ENABLE_STRICT_OBJC_MSGSEND = YES;
				GCC_C_LANGUAGE_STANDARD = gnu99;
				GCC_NO_COMMON_BLOCKS = YES;
				GCC_WARN_64_TO_32_BIT_CONVERSION = YES;
				GCC_WARN_ABOUT_RETURN_TYPE = YES_ERROR;
				GCC_WARN_UNDECLARED_SELECTOR = YES;
				GCC_WARN_UNINITIALIZED_AUTOS = YES_AGGRESSIVE;
				GCC_WARN_UNUSED_FUNCTION = YES;
				GCC_WARN_UNUSED_VARIABLE = YES;
				IPHONEOS_DEPLOYMENT_TARGET = 10.1;
				MTL_ENABLE_DEBUG_INFO = NO;
				SDKROOT = iphoneos;
				SWIFT_OPTIMIZATION_LEVEL = "-Owholemodule";
				VALIDATE_PRODUCT = YES;
			};
			name = Release;
		};
		F7B995141DE5430300925B23 /* Debug */ = {
			isa = XCBuildConfiguration;
			buildSettings = {
				ASSETCATALOG_COMPILER_APPICON_NAME = AppIcon;
				DEVELOPMENT_TEAM = 6VSG94VVFH;
				INFOPLIST_FILE = "Chat Message Parser/Info.plist";
				LD_RUNPATH_SEARCH_PATHS = "$(inherited) @executable_path/Frameworks";
				PRODUCT_BUNDLE_IDENTIFIER = "com.phillfarrugia.Chat-Message-Parser";
				PRODUCT_NAME = "$(TARGET_NAME)";
				SWIFT_VERSION = 3.0;
			};
			name = Debug;
		};
		F7B995151DE5430300925B23 /* Release */ = {
			isa = XCBuildConfiguration;
			buildSettings = {
				ASSETCATALOG_COMPILER_APPICON_NAME = AppIcon;
				DEVELOPMENT_TEAM = 6VSG94VVFH;
				INFOPLIST_FILE = "Chat Message Parser/Info.plist";
				LD_RUNPATH_SEARCH_PATHS = "$(inherited) @executable_path/Frameworks";
				PRODUCT_BUNDLE_IDENTIFIER = "com.phillfarrugia.Chat-Message-Parser";
				PRODUCT_NAME = "$(TARGET_NAME)";
				SWIFT_VERSION = 3.0;
			};
			name = Release;
		};
		F7B995171DE5430300925B23 /* Debug */ = {
			isa = XCBuildConfiguration;
			buildSettings = {
				ALWAYS_EMBED_SWIFT_STANDARD_LIBRARIES = YES;
				BUNDLE_LOADER = "$(TEST_HOST)";
				DEVELOPMENT_TEAM = 6VSG94VVFH;
				FRAMEWORK_SEARCH_PATHS = (
					"$(inherited)",
					"$(PROJECT_DIR)/Carthage/Build/iOS",
				);
				INFOPLIST_FILE = "Chat Message ParserTests/Info.plist";
				LD_RUNPATH_SEARCH_PATHS = "$(inherited) @executable_path/Frameworks @loader_path/Frameworks";
				PRODUCT_BUNDLE_IDENTIFIER = "com.phillfarrugia.Chat-Message-ParserTests";
				PRODUCT_NAME = "$(TARGET_NAME)";
				SWIFT_VERSION = 3.0;
				TEST_HOST = "$(BUILT_PRODUCTS_DIR)/Chat Message Parser.app/Chat Message Parser";
			};
			name = Debug;
		};
		F7B995181DE5430300925B23 /* Release */ = {
			isa = XCBuildConfiguration;
			buildSettings = {
				ALWAYS_EMBED_SWIFT_STANDARD_LIBRARIES = YES;
				BUNDLE_LOADER = "$(TEST_HOST)";
				DEVELOPMENT_TEAM = 6VSG94VVFH;
				FRAMEWORK_SEARCH_PATHS = (
					"$(inherited)",
					"$(PROJECT_DIR)/Carthage/Build/iOS",
				);
				INFOPLIST_FILE = "Chat Message ParserTests/Info.plist";
				LD_RUNPATH_SEARCH_PATHS = "$(inherited) @executable_path/Frameworks @loader_path/Frameworks";
				PRODUCT_BUNDLE_IDENTIFIER = "com.phillfarrugia.Chat-Message-ParserTests";
				PRODUCT_NAME = "$(TARGET_NAME)";
				SWIFT_VERSION = 3.0;
				TEST_HOST = "$(BUILT_PRODUCTS_DIR)/Chat Message Parser.app/Chat Message Parser";
			};
			name = Release;
		};
/* End XCBuildConfiguration section */

/* Begin XCConfigurationList section */
		F7B994F11DE5430200925B23 /* Build configuration list for PBXProject "Chat Message Parser" */ = {
			isa = XCConfigurationList;
			buildConfigurations = (
				F7B995111DE5430300925B23 /* Debug */,
				F7B995121DE5430300925B23 /* Release */,
			);
			defaultConfigurationIsVisible = 0;
			defaultConfigurationName = Release;
		};
		F7B995131DE5430300925B23 /* Build configuration list for PBXNativeTarget "Chat Message Parser" */ = {
			isa = XCConfigurationList;
			buildConfigurations = (
				F7B995141DE5430300925B23 /* Debug */,
				F7B995151DE5430300925B23 /* Release */,
			);
			defaultConfigurationIsVisible = 0;
			defaultConfigurationName = Release;
		};
		F7B995161DE5430300925B23 /* Build configuration list for PBXNativeTarget "Chat Message ParserTests" */ = {
			isa = XCConfigurationList;
			buildConfigurations = (
				F7B995171DE5430300925B23 /* Debug */,
				F7B995181DE5430300925B23 /* Release */,
			);
			defaultConfigurationIsVisible = 0;
			defaultConfigurationName = Release;
		};
/* End XCConfigurationList section */
	};
	rootObject = F7B994EE1DE5430200925B23 /* Project object */;
}
